
Microsoft Visual Studio Solution File, Format Version 12.00
# Visual Studio Version 17
VisualStudioVersion = 17.8.34316.72
MinimumVisualStudioVersion = 10.0.40219.1
Project("{FAE04EC0-301F-11D3-BF4B-00C04F79EFBC}") = "WPFDashboard", "WPFDashboard.csproj", "{32115599-EEF1-435C-947C-785CA3ED0634}"
EndProject
Global
	GlobalSection(SolutionConfigurationPlatforms) = preSolution
		Debug|Any CPU = Debug|Any CPU
		Release|Any CPU = Release|Any CPU
	EndGlobalSection
	GlobalSection(ProjectConfigurationPlatforms) = postSolution
		{32115599-EEF1-435C-947C-785CA3ED0634}.Debug|Any CPU.ActiveCfg = Debug|Any CPU
		{32115599-EEF1-435C-947C-785CA3ED0634}.Debug|Any CPU.Build.0 = Debug|Any CPU
		{32115599-EEF1-435C-947C-785CA3ED0634}.Release|Any CPU.ActiveCfg = Release|Any CPU
		{32115599-EEF1-435C-947C-785CA3ED0634}.Release|Any CPU.Build.0 = Release|Any CPU
	EndGlobalSection
	GlobalSection(SolutionProperties) = preSolution
		HideSolutionNode = FALSE
	EndGlobalSection
	GlobalSection(ExtensibilityGlobals) = postSolution
		SolutionGuid = {26001DCE-4427-494F-B18C-10D82D6FFE62}
	EndGlobalSection
EndGlobal
